
Microsoft Visual Studio Solution File, Format Version 12.00
# Visual Studio Version 17
VisualStudioVersion = 17.0.32126.317
MinimumVisualStudioVersion = 10.0.40219.1
Project("{9A19103F-16F7-4668-BE54-9A1E7A4F7556}") = "Palink.Tools.Core", "Palink.Tools.Core\Palink.Tools.Core.csproj", "{63111911-1A0C-4E0B-86F7-4D07FEDF6DB0}"
EndProject
Project("{FAE04EC0-301F-11D3-BF4B-00C04F79EFBC}") = "Palink.Tools.Core.Test", "Palink.Tools.Core.Test\Palink.Tools.Core.Test.csproj", "{78298B9D-18A5-4182-BE0E-EC80E799F4F1}"
EndProject
Global
	GlobalSection(SolutionConfigurationPlatforms) = preSolution
		Debug|Any CPU = Debug|Any CPU
		Release|Any CPU = Release|Any CPU
	EndGlobalSection
	GlobalSection(ProjectConfigurationPlatforms) = postSolution
		{63111911-1A0C-4E0B-86F7-4D07FEDF6DB0}.Debug|Any CPU.ActiveCfg = Debug|Any CPU
		{63111911-1A0C-4E0B-86F7-4D07FEDF6DB0}.Debug|Any CPU.Build.0 = Debug|Any CPU
		{63111911-1A0C-4E0B-86F7-4D07FEDF6DB0}.Release|Any CPU.ActiveCfg = Release|Any CPU
		{63111911-1A0C-4E0B-86F7-4D07FEDF6DB0}.Release|Any CPU.Build.0 = Release|Any CPU
		{78298B9D-18A5-4182-BE0E-EC80E799F4F1}.Debug|Any CPU.ActiveCfg = Debug|Any CPU
		{78298B9D-18A5-4182-BE0E-EC80E799F4F1}.Debug|Any CPU.Build.0 = Debug|Any CPU
		{78298B9D-18A5-4182-BE0E-EC80E799F4F1}.Release|Any CPU.ActiveCfg = Release|Any CPU
		{78298B9D-18A5-4182-BE0E-EC80E799F4F1}.Release|Any CPU.Build.0 = Release|Any CPU
	EndGlobalSection
	GlobalSection(SolutionProperties) = preSolution
		HideSolutionNode = FALSE
	EndGlobalSection
	GlobalSection(ExtensibilityGlobals) = postSolution
		SolutionGuid = {A936117F-4EA2-491D-9D0E-E5152724BCEB}
	EndGlobalSection
EndGlobal
